# This file is autogenerated, do not edit; changes may be undone by the next 'dep ensure'.


[[projects]]
  name = "github.com/boj/redistore"
  packages = ["."]
  revision = "fc113767cd6b051980f260d6dbe84b2740c46ab0"
  version = "v1.2"

[[projects]]
  branch = "master"
  name = "github.com/bradfitz/gomemcache"
  packages = ["memcache"]
  revision = "1952afaa557dc08e8e0d89eafab110fb501c1a2b"

[[projects]]
  branch = "master"
  name = "github.com/bradleypeabody/gorilla-sessions-memcache"
  packages = ["."]
  revision = "75ee37df8664a47cd5d9eb84d41e1f2b08086893"

[[projects]]
  name = "github.com/garyburd/redigo"
  packages = ["internal","redis"]
  revision = "a69d19351219b6dd56f274f96d85a7014a2ec34e"
  version = "v1.6.0"

[[projects]]
  branch = "master"
  name = "github.com/gin-contrib/sessions"
  packages = ["."]
  revision = "fda3be6efa2da56e31a1a72bffd65279191e8009"

[[projects]]
  branch = "master"
  name = "github.com/gin-contrib/sse"
  packages = ["."]
  revision = "22d885f9ecc78bf4ee5d72b937e4bbcdc58e8cae"

[[projects]]
  branch = "master"
  name = "github.com/gin-contrib/static"
  packages = ["."]
  revision = "73da7037e716e63aa2b0ffceb630dfa7be299086"

[[projects]]
  name = "github.com/gin-gonic/gin"
  packages = [".","binding","render"]
  revision = "d459835d2b077e44f7c9b453505ee29881d5d12d"
  version = "v1.2"

[[projects]]
  name = "github.com/golang/protobuf"
  packages = ["proto"]
  revision = "925541529c1fa6821df4e44ce2723319eb2be768"
  version = "v1.0.0"

[[projects]]
  name = "github.com/gorilla/context"
  packages = ["."]
  revision = "1ea25387ff6f684839d82767c1733ff4d4d15d0a"
  version = "v1.1"

[[projects]]
  name = "github.com/gorilla/securecookie"
  packages = ["."]
  revision = "e59506cc896acb7f7bf732d4fdf5e25f7ccd8983"
  version = "v1.1.1"

[[projects]]
  name = "github.com/gorilla/sessions"
  packages = ["."]
  revision = "ca9ada44574153444b00d3fd9c8559e4cc95f896"
  version = "v1.1"

[[projects]]
  name = "github.com/gorilla/websocket"
  packages = ["."]
  revision = "ea4d1f681babbce9545c9c5f3d5194a789c89f5b"
  version = "v1.2.0"

[[projects]]
  branch = "master"
  name = "github.com/jmoiron/sqlx"
  packages = [".","reflectx"]
  revision = "2aeb6a910c2b94f2d5eb53d9895d80e27264ec41"

[[projects]]
  branch = "master"
  name = "github.com/kidstuff/mongostore"
  packages = ["."]
  revision = "db2a8b4fac1f737c75e7fb84cb3fdb07dfc8fbc9"

[[projects]]
  branch = "master"
  name = "github.com/lib/pq"
  packages = [".","oid"]
  revision = "d34b9ff171c21ad295489235aec8b6626023cd04"

[[projects]]
  name = "github.com/mattn/go-isatty"
  packages = ["."]
  revision = "0360b2af4f38e8d38c7fce2a9f4e702702d73a39"
  version = "v0.0.3"

[[projects]]
  name = "github.com/ugorji/go"
  packages = ["codec"]
  revision = "9831f2c3ac1068a78f50999a30db84270f647af6"
  version = "v1.1"

[[projects]]
  branch = "master"
  name = "golang.org/x/sys"
  packages = ["unix"]
  revision = "1d206c9fa8975fb4cf00df1dc8bf3283dc24ba0e"

[[projects]]
  name = "gopkg.in/go-playground/validator.v8"
  packages = ["."]
  revision = "5f1438d3fca68893a817e4a66806cea46a9e4ebf"
  version = "v8.18.2"

[[projects]]
  branch = "v2"
  name = "gopkg.in/mgo.v2"
  packages = [".","bson","internal/json","internal/sasl","internal/scram"]
  revision = "3f83fa5005286a7fe593b055f0d7771a7dce4655"

[[projects]]
  name = "gopkg.in/yaml.v2"
  packages = ["."]
  revision = "5420a8b6744d3b0345ab293f6fcba19c978f1183"
  version = "v2.2.1"

[solve-meta]
  analyzer-name = "dep"
  analyzer-version = 1
  inputs-digest = "d3c9bbd78d63f2e0b87f95f16a586377aa5c4bb3951fdf88d29ceede1f8572ab"
  solver-name = "gps-cdcl"
  solver-version = 1
